// !$*UTF8*$!
{
	archiveVersion = 1;
	classes = {
	};
	objectVersion = 55;
	objects = {

/* Begin PBXBuildFile section */
		7C8AEAD6BCD2C47484508A9E /* Pods_SignUpUsingTableViewTests.framework in Frameworks */ = {isa = PBXBuildFile; fileRef = AFAA11153B6E7AD800001013 /* Pods_SignUpUsingTableViewTests.framework */; };
		A76A644928E56E340079525E /* AppDelegate.swift in Sources */ = {isa = PBXBuildFile; fileRef = A76A644828E56E340079525E /* AppDelegate.swift */; };
		A76A644B28E56E340079525E /* SceneDelegate.swift in Sources */ = {isa = PBXBuildFile; fileRef = A76A644A28E56E340079525E /* SceneDelegate.swift */; };
		A76A644D28E56E340079525E /* SignUpViewController.swift in Sources */ = {isa = PBXBuildFile; fileRef = A76A644C28E56E340079525E /* SignUpViewController.swift */; };
		A76A645028E56E340079525E /* Main.storyboard in Resources */ = {isa = PBXBuildFile; fileRef = A76A644E28E56E340079525E /* Main.storyboard */; };
		A76A645228E56E350079525E /* Assets.xcassets in Resources */ = {isa = PBXBuildFile; fileRef = A76A645128E56E350079525E /* Assets.xcassets */; };
		A76A645528E56E350079525E /* LaunchScreen.storyboard in Resources */ = {isa = PBXBuildFile; fileRef = A76A645328E56E350079525E /* LaunchScreen.storyboard */; };
		A76A646028E56E350079525E /* SignUpUsingTableViewTests.swift in Sources */ = {isa = PBXBuildFile; fileRef = A76A645F28E56E350079525E /* SignUpUsingTableViewTests.swift */; };
		A76A646A28E56E350079525E /* SignUpUsingTableViewUITests.swift in Sources */ = {isa = PBXBuildFile; fileRef = A76A646928E56E350079525E /* SignUpUsingTableViewUITests.swift */; };
		A76A646C28E56E350079525E /* SignUpUsingTableViewUITestsLaunchTests.swift in Sources */ = {isa = PBXBuildFile; fileRef = A76A646B28E56E350079525E /* SignUpUsingTableViewUITestsLaunchTests.swift */; };
		A76A647B28E576A80079525E /* TableCellDataModel.swift in Sources */ = {isa = PBXBuildFile; fileRef = A76A647A28E576A80079525E /* TableCellDataModel.swift */; };
		A76A647E28E577B10079525E /* DropDownCell.swift in Sources */ = {isa = PBXBuildFile; fileRef = A76A647C28E577B10079525E /* DropDownCell.swift */; };
		A76A647F28E577B10079525E /* DropDownCell.xib in Resources */ = {isa = PBXBuildFile; fileRef = A76A647D28E577B10079525E /* DropDownCell.xib */; };
		A76A648228E59B770079525E /* TextFieldCell.swift in Sources */ = {isa = PBXBuildFile; fileRef = A76A648028E59B770079525E /* TextFieldCell.swift */; };
		A76A648328E59B770079525E /* TextFieldCell.xib in Resources */ = {isa = PBXBuildFile; fileRef = A76A648128E59B770079525E /* TextFieldCell.xib */; };
		D4F42DD67EEAE00EB1230B5A /* Pods_SignUpUsingTableView_SignUpUsingTableViewUITests.framework in Frameworks */ = {isa = PBXBuildFile; fileRef = EFC40FD53AA7012D58E19C92 /* Pods_SignUpUsingTableView_SignUpUsingTableViewUITests.framework */; };
		E93B1941AB7724D1AA0E2090 /* Pods_SignUpUsingTableView.framework in Frameworks */ = {isa = PBXBuildFile; fileRef = 25C7886D2CD352E17F19C07E /* Pods_SignUpUsingTableView.framework */; };
/* End PBXBuildFile section */

/* Begin PBXContainerItemProxy section */
		A76A645C28E56E350079525E /* PBXContainerItemProxy */ = {
			isa = PBXContainerItemProxy;
			containerPortal = A76A643D28E56E340079525E /* Project object */;
			proxyType = 1;
			remoteGlobalIDString = A76A644428E56E340079525E;
			remoteInfo = SignUpUsingTableView;
		};
		A76A646628E56E350079525E /* PBXContainerItemProxy */ = {
			isa = PBXContainerItemProxy;
			containerPortal = A76A643D28E56E340079525E /* Project object */;
			proxyType = 1;
			remoteGlobalIDString = A76A644428E56E340079525E;
			remoteInfo = SignUpUsingTableView;
		};
/* End PBXContainerItemProxy section */

/* Begin PBXFileReference section */
		25C7886D2CD352E17F19C07E /* Pods_SignUpUsingTableView.framework */ = {isa = PBXFileReference; explicitFileType = wrapper.framework; includeInIndex = 0; path = Pods_SignUpUsingTableView.framework; sourceTree = BUILT_PRODUCTS_DIR; };
		3119D1A8671EB83F94BBFFB6 /* Pods-SignUpUsingTableView.debug.xcconfig */ = {isa = PBXFileReference; includeInIndex = 1; lastKnownFileType = text.xcconfig; name = "Pods-SignUpUsingTableView.debug.xcconfig"; path = "Target Support Files/Pods-SignUpUsingTableView/Pods-SignUpUsingTableView.debug.xcconfig"; sourceTree = "<group>"; };
		4F2597CFE06D6F1113954BE1 /* Pods-SignUpUsingTableView.release.xcconfig */ = {isa = PBXFileReference; includeInIndex = 1; lastKnownFileType = text.xcconfig; name = "Pods-SignUpUsingTableView.release.xcconfig"; path = "Target Support Files/Pods-SignUpUsingTableView/Pods-SignUpUsingTableView.release.xcconfig"; sourceTree = "<group>"; };
		4F93A44381B0F6984926D315 /* Pods-SignUpUsingTableView-SignUpUsingTableViewUITests.release.xcconfig */ = {isa = PBXFileReference; includeInIndex = 1; lastKnownFileType = text.xcconfig; name = "Pods-SignUpUsingTableView-SignUpUsingTableViewUITests.release.xcconfig"; path = "Target Support Files/Pods-SignUpUsingTableView-SignUpUsingTableViewUITests/Pods-SignUpUsingTableView-SignUpUsingTableViewUITests.release.xcconfig"; sourceTree = "<group>"; };
		A76A644528E56E340079525E /* SignUpUsingTableView.app */ = {isa = PBXFileReference; explicitFileType = wrapper.application; includeInIndex = 0; path = SignUpUsingTableView.app; sourceTree = BUILT_PRODUCTS_DIR; };
		A76A644828E56E340079525E /* AppDelegate.swift */ = {isa = PBXFileReference; lastKnownFileType = sourcecode.swift; path = AppDelegate.swift; sourceTree = "<group>"; };
		A76A644A28E56E340079525E /* SceneDelegate.swift */ = {isa = PBXFileReference; lastKnownFileType = sourcecode.swift; path = SceneDelegate.swift; sourceTree = "<group>"; };
		A76A644C28E56E340079525E /* SignUpViewController.swift */ = {isa = PBXFileReference; lastKnownFileType = sourcecode.swift; path = SignUpViewController.swift; sourceTree = "<group>"; };
		A76A644F28E56E340079525E /* Base */ = {isa = PBXFileReference; lastKnownFileType = file.storyboard; name = Base; path = Base.lproj/Main.storyboard; sourceTree = "<group>"; };
		A76A645128E56E350079525E /* Assets.xcassets */ = {isa = PBXFileReference; lastKnownFileType = folder.assetcatalog; path = Assets.xcassets; sourceTree = "<group>"; };
		A76A645428E56E350079525E /* Base */ = {isa = PBXFileReference; lastKnownFileType = file.storyboard; name = Base; path = Base.lproj/LaunchScreen.storyboard; sourceTree = "<group>"; };
		A76A645628E56E350079525E /* Info.plist */ = {isa = PBXFileReference; lastKnownFileType = text.plist.xml; path = Info.plist; sourceTree = "<group>"; };
		A76A645B28E56E350079525E /* SignUpUsingTableViewTests.xctest */ = {isa = PBXFileReference; explicitFileType = wrapper.cfbundle; includeInIndex = 0; path = SignUpUsingTableViewTests.xctest; sourceTree = BUILT_PRODUCTS_DIR; };
		A76A645F28E56E350079525E /* SignUpUsingTableViewTests.swift */ = {isa = PBXFileReference; lastKnownFileType = sourcecode.swift; path = SignUpUsingTableViewTests.swift; sourceTree = "<group>"; };
		A76A646528E56E350079525E /* SignUpUsingTableViewUITests.xctest */ = {isa = PBXFileReference; explicitFileType = wrapper.cfbundle; includeInIndex = 0; path = SignUpUsingTableViewUITests.xctest; sourceTree = BUILT_PRODUCTS_DIR; };
		A76A646928E56E350079525E /* SignUpUsingTableViewUITests.swift */ = {isa = PBXFileReference; lastKnownFileType = sourcecode.swift; path = SignUpUsingTableViewUITests.swift; sourceTree = "<group>"; };
		A76A646B28E56E350079525E /* SignUpUsingTableViewUITestsLaunchTests.swift */ = {isa = PBXFileReference; lastKnownFileType = sourcecode.swift; path = SignUpUsingTableViewUITestsLaunchTests.swift; sourceTree = "<group>"; };
		A76A647A28E576A80079525E /* TableCellDataModel.swift */ = {isa = PBXFileReference; lastKnownFileType = sourcecode.swift; path = TableCellDataModel.swift; sourceTree = "<group>"; };
		A76A647C28E577B10079525E /* DropDownCell.swift */ = {isa = PBXFileReference; lastKnownFileType = sourcecode.swift; path = DropDownCell.swift; sourceTree = "<group>"; };
		A76A647D28E577B10079525E /* DropDownCell.xib */ = {isa = PBXFileReference; lastKnownFileType = file.xib; path = DropDownCell.xib; sourceTree = "<group>"; };
		A76A648028E59B770079525E /* TextFieldCell.swift */ = {isa = PBXFileReference; lastKnownFileType = sourcecode.swift; path = TextFieldCell.swift; sourceTree = "<group>"; };
		A76A648128E59B770079525E /* TextFieldCell.xib */ = {isa = PBXFileReference; lastKnownFileType = file.xib; path = TextFieldCell.xib; sourceTree = "<group>"; };
		AFAA11153B6E7AD800001013 /* Pods_SignUpUsingTableViewTests.framework */ = {isa = PBXFileReference; explicitFileType = wrapper.framework; includeInIndex = 0; path = Pods_SignUpUsingTableViewTests.framework; sourceTree = BUILT_PRODUCTS_DIR; };
		B90C71DB7B1B8C50FFD5929C /* Pods-SignUpUsingTableViewTests.debug.xcconfig */ = {isa = PBXFileReference; includeInIndex = 1; lastKnownFileType = text.xcconfig; name = "Pods-SignUpUsingTableViewTests.debug.xcconfig"; path = "Target Support Files/Pods-SignUpUsingTableViewTests/Pods-SignUpUsingTableViewTests.debug.xcconfig"; sourceTree = "<group>"; };
		D53A5C2B8D3B4479D702EF13 /* Pods-SignUpUsingTableView-SignUpUsingTableViewUITests.debug.xcconfig */ = {isa = PBXFileReference; includeInIndex = 1; lastKnownFileType = text.xcconfig; name = "Pods-SignUpUsingTableView-SignUpUsingTableViewUITests.debug.xcconfig"; path = "Target Support Files/Pods-SignUpUsingTableView-SignUpUsingTableViewUITests/Pods-SignUpUsingTableView-SignUpUsingTableViewUITests.debug.xcconfig"; sourceTree = "<group>"; };
		EFC40FD53AA7012D58E19C92 /* Pods_SignUpUsingTableView_SignUpUsingTableViewUITests.framework */ = {isa = PBXFileReference; explicitFileType = wrapper.framework; includeInIndex = 0; path = Pods_SignUpUsingTableView_SignUpUsingTableViewUITests.framework; sourceTree = BUILT_PRODUCTS_DIR; };
		FCB6C7C77FFAD44F9878D06E /* Pods-SignUpUsingTableViewTests.release.xcconfig */ = {isa = PBXFileReference; includeInIndex = 1; lastKnownFileType = text.xcconfig; name = "Pods-SignUpUsingTableViewTests.release.xcconfig"; path = "Target Support Files/Pods-SignUpUsingTableViewTests/Pods-SignUpUsingTableViewTests.release.xcconfig"; sourceTree = "<group>"; };
/* End PBXFileReference section */

/* Begin PBXFrameworksBuildPhase section */
		A76A644228E56E340079525E /* Frameworks */ = {
			isa = PBXFrameworksBuildPhase;
			buildActionMask = 2147483647;
			files = (
				E93B1941AB7724D1AA0E2090 /* Pods_SignUpUsingTableView.framework in Frameworks */,
			);
			runOnlyForDeploymentPostprocessing = 0;
		};
		A76A645828E56E350079525E /* Frameworks */ = {
			isa = PBXFrameworksBuildPhase;
			buildActionMask = 2147483647;
			files = (
				7C8AEAD6BCD2C47484508A9E /* Pods_SignUpUsingTableViewTests.framework in Frameworks */,
			);
			runOnlyForDeploymentPostprocessing = 0;
		};
		A76A646228E56E350079525E /* Frameworks */ = {
			isa = PBXFrameworksBuildPhase;
			buildActionMask = 2147483647;
			files = (
				D4F42DD67EEAE00EB1230B5A /* Pods_SignUpUsingTableView_SignUpUsingTableViewUITests.framework in Frameworks */,
			);
			runOnlyForDeploymentPostprocessing = 0;
		};
/* End PBXFrameworksBuildPhase section */

/* Begin PBXGroup section */
		7B1D70D664F10825758A777B /* Pods */ = {
			isa = PBXGroup;
			children = (
				3119D1A8671EB83F94BBFFB6 /* Pods-SignUpUsingTableView.debug.xcconfig */,
				4F2597CFE06D6F1113954BE1 /* Pods-SignUpUsingTableView.release.xcconfig */,
				D53A5C2B8D3B4479D702EF13 /* Pods-SignUpUsingTableView-SignUpUsingTableViewUITests.debug.xcconfig */,
				4F93A44381B0F6984926D315 /* Pods-SignUpUsingTableView-SignUpUsingTableViewUITests.release.xcconfig */,
				B90C71DB7B1B8C50FFD5929C /* Pods-SignUpUsingTableViewTests.debug.xcconfig */,
				FCB6C7C77FFAD44F9878D06E /* Pods-SignUpUsingTableViewTests.release.xcconfig */,
			);
			path = Pods;
			sourceTree = "<group>";
		};
		8B8ACBDD2A264B2CB14D4D68 /* Frameworks */ = {
			isa = PBXGroup;
			children = (
				25C7886D2CD352E17F19C07E /* Pods_SignUpUsingTableView.framework */,
				EFC40FD53AA7012D58E19C92 /* Pods_SignUpUsingTableView_SignUpUsingTableViewUITests.framework */,
				AFAA11153B6E7AD800001013 /* Pods_SignUpUsingTableViewTests.framework */,
			);
			name = Frameworks;
			sourceTree = "<group>";
		};
		A76A643C28E56E340079525E = {
			isa = PBXGroup;
			children = (
				A76A647928E56FC70079525E /* models */,
				A76A647828E56FB90079525E /* cells */,
				A76A644728E56E340079525E /* SignUpUsingTableView */,
				A76A645E28E56E350079525E /* SignUpUsingTableViewTests */,
				A76A646828E56E350079525E /* SignUpUsingTableViewUITests */,
				A76A644628E56E340079525E /* Products */,
				7B1D70D664F10825758A777B /* Pods */,
				8B8ACBDD2A264B2CB14D4D68 /* Frameworks */,
			);
			sourceTree = "<group>";
		};
		A76A644628E56E340079525E /* Products */ = {
			isa = PBXGroup;
			children = (
				A76A644528E56E340079525E /* SignUpUsingTableView.app */,
				A76A645B28E56E350079525E /* SignUpUsingTableViewTests.xctest */,
				A76A646528E56E350079525E /* SignUpUsingTableViewUITests.xctest */,
			);
			name = Products;
			sourceTree = "<group>";
		};
		A76A644728E56E340079525E /* SignUpUsingTableView */ = {
			isa = PBXGroup;
			children = (
				A76A644828E56E340079525E /* AppDelegate.swift */,
				A76A644A28E56E340079525E /* SceneDelegate.swift */,
				A76A644C28E56E340079525E /* SignUpViewController.swift */,
				A76A644E28E56E340079525E /* Main.storyboard */,
				A76A645128E56E350079525E /* Assets.xcassets */,
				A76A645328E56E350079525E /* LaunchScreen.storyboard */,
				A76A645628E56E350079525E /* Info.plist */,
			);
			path = SignUpUsingTableView;
			sourceTree = "<group>";
		};
		A76A645E28E56E350079525E /* SignUpUsingTableViewTests */ = {
			isa = PBXGroup;
			children = (
				A76A645F28E56E350079525E /* SignUpUsingTableViewTests.swift */,
			);
			path = SignUpUsingTableViewTests;
			sourceTree = "<group>";
		};
		A76A646828E56E350079525E /* SignUpUsingTableViewUITests */ = {
			isa = PBXGroup;
			children = (
				A76A646928E56E350079525E /* SignUpUsingTableViewUITests.swift */,
				A76A646B28E56E350079525E /* SignUpUsingTableViewUITestsLaunchTests.swift */,
			);
			path = SignUpUsingTableViewUITests;
			sourceTree = "<group>";
		};
		A76A647828E56FB90079525E /* cells */ = {
			isa = PBXGroup;
			children = (
				A76A647C28E577B10079525E /* DropDownCell.swift */,
				A76A647D28E577B10079525E /* DropDownCell.xib */,
				A76A648028E59B770079525E /* TextFieldCell.swift */,
				A76A648128E59B770079525E /* TextFieldCell.xib */,
			);
			path = cells;
			sourceTree = "<group>";
		};
		A76A647928E56FC70079525E /* models */ = {
			isa = PBXGroup;
			children = (
				A76A647A28E576A80079525E /* TableCellDataModel.swift */,
			);
			path = models;
			sourceTree = "<group>";
		};
/* End PBXGroup section */

/* Begin PBXNativeTarget section */
		A76A644428E56E340079525E /* SignUpUsingTableView */ = {
			isa = PBXNativeTarget;
			buildConfigurationList = A76A646F28E56E350079525E /* Build configuration list for PBXNativeTarget "SignUpUsingTableView" */;
			buildPhases = (
				130E2DB4AB92CA9C4027EFE9 /* [CP] Check Pods Manifest.lock */,
				A76A644128E56E340079525E /* Sources */,
				A76A644228E56E340079525E /* Frameworks */,
				A76A644328E56E340079525E /* Resources */,
				341509B573317B72E5861249 /* [CP] Embed Pods Frameworks */,
			);
			buildRules = (
			);
			dependencies = (
			);
			name = SignUpUsingTableView;
			productName = SignUpUsingTableView;
			productReference = A76A644528E56E340079525E /* SignUpUsingTableView.app */;
			productType = "com.apple.product-type.application";
		};
		A76A645A28E56E350079525E /* SignUpUsingTableViewTests */ = {
			isa = PBXNativeTarget;
			buildConfigurationList = A76A647228E56E350079525E /* Build configuration list for PBXNativeTarget "SignUpUsingTableViewTests" */;
			buildPhases = (
				4C5FC3CDF04954153B57EE4D /* [CP] Check Pods Manifest.lock */,
				A76A645728E56E350079525E /* Sources */,
				A76A645828E56E350079525E /* Frameworks */,
				A76A645928E56E350079525E /* Resources */,
			);
			buildRules = (
			);
			dependencies = (
				A76A645D28E56E350079525E /* PBXTargetDependency */,
			);
			name = SignUpUsingTableViewTests;
			productName = SignUpUsingTableViewTests;
			productReference = A76A645B28E56E350079525E /* SignUpUsingTableViewTests.xctest */;
			productType = "com.apple.product-type.bundle.unit-test";
		};
		A76A646428E56E350079525E /* SignUpUsingTableViewUITests */ = {
			isa = PBXNativeTarget;
			buildConfigurationList = A76A647528E56E350079525E /* Build configuration list for PBXNativeTarget "SignUpUsingTableViewUITests" */;
			buildPhases = (
				2CA6CAE927FB36E556BB9749 /* [CP] Check Pods Manifest.lock */,
				A76A646128E56E350079525E /* Sources */,
				A76A646228E56E350079525E /* Frameworks */,
				A76A646328E56E350079525E /* Resources */,
				CA880ED6345A2EF9D1A6C7FF /* [CP] Embed Pods Frameworks */,
			);
			buildRules = (
			);
			dependencies = (
				A76A646728E56E350079525E /* PBXTargetDependency */,
			);
			name = SignUpUsingTableViewUITests;
			productName = SignUpUsingTableViewUITests;
			productReference = A76A646528E56E350079525E /* SignUpUsingTableViewUITests.xctest */;
			productType = "com.apple.product-type.bundle.ui-testing";
		};
/* End PBXNativeTarget section */

/* Begin PBXProject section */
		A76A643D28E56E340079525E /* Project object */ = {
			isa = PBXProject;
			attributes = {
				BuildIndependentTargetsInParallel = 1;
				LastSwiftUpdateCheck = 1400;
				LastUpgradeCheck = 1400;
				TargetAttributes = {
					A76A644428E56E340079525E = {
						CreatedOnToolsVersion = 14.0;
					};
					A76A645A28E56E350079525E = {
						CreatedOnToolsVersion = 14.0;
						TestTargetID = A76A644428E56E340079525E;
					};
					A76A646428E56E350079525E = {
						CreatedOnToolsVersion = 14.0;
						TestTargetID = A76A644428E56E340079525E;
					};
				};
			};
			buildConfigurationList = A76A644028E56E340079525E /* Build configuration list for PBXProject "SignUpUsingTableView" */;
			compatibilityVersion = "Xcode 13.0";
			developmentRegion = en;
			hasScannedForEncodings = 0;
			knownRegions = (
				en,
				Base,
			);
			mainGroup = A76A643C28E56E340079525E;
			productRefGroup = A76A644628E56E340079525E /* Products */;
			projectDirPath = "";
			projectRoot = "";
			targets = (
				A76A644428E56E340079525E /* SignUpUsingTableView */,
				A76A645A28E56E350079525E /* SignUpUsingTableViewTests */,
				A76A646428E56E350079525E /* SignUpUsingTableViewUITests */,
			);
		};
/* End PBXProject section */

/* Begin PBXResourcesBuildPhase section */
		A76A644328E56E340079525E /* Resources */ = {
			isa = PBXResourcesBuildPhase;
			buildActionMask = 2147483647;
			files = (
				A76A645528E56E350079525E /* LaunchScreen.storyboard in Resources */,
				A76A645228E56E350079525E /* Assets.xcassets in Resources */,
				A76A648328E59B770079525E /* TextFieldCell.xib in Resources */,
				A76A647F28E577B10079525E /* DropDownCell.xib in Resources */,
				A76A645028E56E340079525E /* Main.storyboard in Resources */,
			);
			runOnlyForDeploymentPostprocessing = 0;
		};
		A76A645928E56E350079525E /* Resources */ = {
			isa = PBXResourcesBuildPhase;
			buildActionMask = 2147483647;
			files = (
			);
			runOnlyForDeploymentPostprocessing = 0;
		};
		A76A646328E56E350079525E /* Resources */ = {
			isa = PBXResourcesBuildPhase;
			buildActionMask = 2147483647;
			files = (
			);
			runOnlyForDeploymentPostprocessing = 0;
		};
/* End PBXResourcesBuildPhase section */

/* Begin PBXShellScriptBuildPhase section */
		130E2DB4AB92CA9C4027EFE9 /* [CP] Check Pods Manifest.lock */ = {
			isa = PBXShellScriptBuildPhase;
			buildActionMask = 2147483647;
			files = (
			);
			inputFileListPaths = (
			);
			inputPaths = (
				"${PODS_PODFILE_DIR_PATH}/Podfile.lock",
				"${PODS_ROOT}/Manifest.lock",
			);
			name = "[CP] Check Pods Manifest.lock";
			outputFileListPaths = (
			);
			outputPaths = (
				"$(DERIVED_FILE_DIR)/Pods-SignUpUsingTableView-checkManifestLockResult.txt",
			);
			runOnlyForDeploymentPostprocessing = 0;
			shellPath = /bin/sh;
			shellScript = "diff \"${PODS_PODFILE_DIR_PATH}/Podfile.lock\" \"${PODS_ROOT}/Manifest.lock\" > /dev/null\nif [ $? != 0 ] ; then\n    # print error to STDERR\n    echo \"error: The sandbox is not in sync with the Podfile.lock. Run 'pod install' or update your CocoaPods installation.\" >&2\n    exit 1\nfi\n# This output is used by Xcode 'outputs' to avoid re-running this script phase.\necho \"SUCCESS\" > \"${SCRIPT_OUTPUT_FILE_0}\"\n";
			showEnvVarsInLog = 0;
		};
		2CA6CAE927FB36E556BB9749 /* [CP] Check Pods Manifest.lock */ = {
			isa = PBXShellScriptBuildPhase;
			buildActionMask = 2147483647;
			files = (
			);
			inputFileListPaths = (
			);
			inputPaths = (
				"${PODS_PODFILE_DIR_PATH}/Podfile.lock",
				"${PODS_ROOT}/Manifest.lock",
			);
			name = "[CP] Check Pods Manifest.lock";
			outputFileListPaths = (
			);
			outputPaths = (
				"$(DERIVED_FILE_DIR)/Pods-SignUpUsingTableView-SignUpUsingTableViewUITests-checkManifestLockResult.txt",
			);
			runOnlyForDeploymentPostprocessing = 0;
			shellPath = /bin/sh;
			shellScript = "diff \"${PODS_PODFILE_DIR_PATH}/Podfile.lock\" \"${PODS_ROOT}/Manifest.lock\" > /dev/null\nif [ $? != 0 ] ; then\n    # print error to STDERR\n    echo \"error: The sandbox is not in sync with the Podfile.lock. Run 'pod install' or update your CocoaPods installation.\" >&2\n    exit 1\nfi\n# This output is used by Xcode 'outputs' to avoid re-running this script phase.\necho \"SUCCESS\" > \"${SCRIPT_OUTPUT_FILE_0}\"\n";
			showEnvVarsInLog = 0;
		};
		341509B573317B72E5861249 /* [CP] Embed Pods Frameworks */ = {
			isa = PBXShellScriptBuildPhase;
			buildActionMask = 2147483647;
			files = (
			);
			inputFileListPaths = (
				"${PODS_ROOT}/Target Support Files/Pods-SignUpUsingTableView/Pods-SignUpUsingTableView-frameworks-${CONFIGURATION}-input-files.xcfilelist",
			);
			name = "[CP] Embed Pods Frameworks";
			outputFileListPaths = (
				"${PODS_ROOT}/Target Support Files/Pods-SignUpUsingTableView/Pods-SignUpUsingTableView-frameworks-${CONFIGURATION}-output-files.xcfilelist",
			);
			runOnlyForDeploymentPostprocessing = 0;
			shellPath = /bin/sh;
			shellScript = "\"${PODS_ROOT}/Target Support Files/Pods-SignUpUsingTableView/Pods-SignUpUsingTableView-frameworks.sh\"\n";
			showEnvVarsInLog = 0;
		};
		4C5FC3CDF04954153B57EE4D /* [CP] Check Pods Manifest.lock */ = {
			isa = PBXShellScriptBuildPhase;
			buildActionMask = 2147483647;
			files = (
			);
			inputFileListPaths = (
			);
			inputPaths = (
				"${PODS_PODFILE_DIR_PATH}/Podfile.lock",
				"${PODS_ROOT}/Manifest.lock",
			);
			name = "[CP] Check Pods Manifest.lock";
			outputFileListPaths = (
			);
			outputPaths = (
				"$(DERIVED_FILE_DIR)/Pods-SignUpUsingTableViewTests-checkManifestLockResult.txt",
			);
			runOnlyForDeploymentPostprocessing = 0;
			shellPath = /bin/sh;
			shellScript = "diff \"${PODS_PODFILE_DIR_PATH}/Podfile.lock\" \"${PODS_ROOT}/Manifest.lock\" > /dev/null\nif [ $? != 0 ] ; then\n    # print error to STDERR\n    echo \"error: The sandbox is not in sync with the Podfile.lock. Run 'pod install' or update your CocoaPods installation.\" >&2\n    exit 1\nfi\n# This output is used by Xcode 'outputs' to avoid re-running this script phase.\necho \"SUCCESS\" > \"${SCRIPT_OUTPUT_FILE_0}\"\n";
			showEnvVarsInLog = 0;
		};
		CA880ED6345A2EF9D1A6C7FF /* [CP] Embed Pods Frameworks */ = {
			isa = PBXShellScriptBuildPhase;
			buildActionMask = 2147483647;
			files = (
			);
			inputFileListPaths = (
				"${PODS_ROOT}/Target Support Files/Pods-SignUpUsingTableView-SignUpUsingTableViewUITests/Pods-SignUpUsingTableView-SignUpUsingTableViewUITests-frameworks-${CONFIGURATION}-input-files.xcfilelist",
			);
			name = "[CP] Embed Pods Frameworks";
			outputFileListPaths = (
				"${PODS_ROOT}/Target Support Files/Pods-SignUpUsingTableView-SignUpUsingTableViewUITests/Pods-SignUpUsingTableView-SignUpUsingTableViewUITests-frameworks-${CONFIGURATION}-output-files.xcfilelist",
			);
			runOnlyForDeploymentPostprocessing = 0;
			shellPath = /bin/sh;
			shellScript = "\"${PODS_ROOT}/Target Support Files/Pods-SignUpUsingTableView-SignUpUsingTableViewUITests/Pods-SignUpUsingTableView-SignUpUsingTableViewUITests-frameworks.sh\"\n";
			showEnvVarsInLog = 0;
		};
/* End PBXShellScriptBuildPhase section */

/* Begin PBXSourcesBuildPhase section */
		A76A644128E56E340079525E /* Sources */ = {
			isa = PBXSourcesBuildPhase;
			buildActionMask = 2147483647;
			files = (
				A76A647E28E577B10079525E /* DropDownCell.swift in Sources */,
				A76A644D28E56E340079525E /* SignUpViewController.swift in Sources */,
				A76A644928E56E340079525E /* AppDelegate.swift in Sources */,
				A76A647B28E576A80079525E /* TableCellDataModel.swift in Sources */,
				A76A644B28E56E340079525E /* SceneDelegate.swift in Sources */,
				A76A648228E59B770079525E /* TextFieldCell.swift in Sources */,
			);
			runOnlyForDeploymentPostprocessing = 0;
		};
		A76A645728E56E350079525E /* Sources */ = {
			isa = PBXSourcesBuildPhase;
			buildActionMask = 2147483647;
			files = (
				A76A646028E56E350079525E /* SignUpUsingTableViewTests.swift in Sources */,
			);
			runOnlyForDeploymentPostprocessing = 0;
		};
		A76A646128E56E350079525E /* Sources */ = {
			isa = PBXSourcesBuildPhase;
			buildActionMask = 2147483647;
			files = (
				A76A646A28E56E350079525E /* SignUpUsingTableViewUITests.swift in Sources */,
				A76A646C28E56E350079525E /* SignUpUsingTableViewUITestsLaunchTests.swift in Sources */,
			);
			runOnlyForDeploymentPostprocessing = 0;
		};
/* End PBXSourcesBuildPhase section */

/* Begin PBXTargetDependency section */
		A76A645D28E56E350079525E /* PBXTargetDependency */ = {
			isa = PBXTargetDependency;
			target = A76A644428E56E340079525E /* SignUpUsingTableView */;
			targetProxy = A76A645C28E56E350079525E /* PBXContainerItemProxy */;
		};
		A76A646728E56E350079525E /* PBXTargetDependency */ = {
			isa = PBXTargetDependency;
			target = A76A644428E56E340079525E /* SignUpUsingTableView */;
			targetProxy = A76A646628E56E350079525E /* PBXContainerItemProxy */;
		};
/* End PBXTargetDependency section */

/* Begin PBXVariantGroup section */
		A76A644E28E56E340079525E /* Main.storyboard */ = {
			isa = PBXVariantGroup;
			children = (
				A76A644F28E56E340079525E /* Base */,
			);
			name = Main.storyboard;
			sourceTree = "<group>";
		};
		A76A645328E56E350079525E /* LaunchScreen.storyboard */ = {
			isa = PBXVariantGroup;
			children = (
				A76A645428E56E350079525E /* Base */,
			);
			name = LaunchScreen.storyboard;
			sourceTree = "<group>";
		};
/* End PBXVariantGroup section */

/* Begin XCBuildConfiguration section */
		A76A646D28E56E350079525E /* Debug */ = {
			isa = XCBuildConfiguration;
			buildSettings = {
				ALWAYS_SEARCH_USER_PATHS = NO;
				CLANG_ANALYZER_NONNULL = YES;
				CLANG_ANALYZER_NUMBER_OBJECT_CONVERSION = YES_AGGRESSIVE;
				CLANG_CXX_LANGUAGE_STANDARD = "gnu++20";
				CLANG_ENABLE_MODULES = YES;
				CLANG_ENABLE_OBJC_ARC = YES;
				CLANG_ENABLE_OBJC_WEAK = YES;
				CLANG_WARN_BLOCK_CAPTURE_AUTORELEASING = YES;
				CLANG_WARN_BOOL_CONVERSION = YES;
				CLANG_WARN_COMMA = YES;
				CLANG_WARN_CONSTANT_CONVERSION = YES;
				CLANG_WARN_DEPRECATED_OBJC_IMPLEMENTATIONS = YES;
				CLANG_WARN_DIRECT_OBJC_ISA_USAGE = YES_ERROR;
				CLANG_WARN_DOCUMENTATION_COMMENTS = YES;
				CLANG_WARN_EMPTY_BODY = YES;
				CLANG_WARN_ENUM_CONVERSION = YES;
				CLANG_WARN_INFINITE_RECURSION = YES;
				CLANG_WARN_INT_CONVERSION = YES;
				CLANG_WARN_NON_LITERAL_NULL_CONVERSION = YES;
				CLANG_WARN_OBJC_IMPLICIT_RETAIN_SELF = YES;
				CLANG_WARN_OBJC_LITERAL_CONVERSION = YES;
				CLANG_WARN_OBJC_ROOT_CLASS = YES_ERROR;
				CLANG_WARN_QUOTED_INCLUDE_IN_FRAMEWORK_HEADER = YES;
				CLANG_WARN_RANGE_LOOP_ANALYSIS = YES;
				CLANG_WARN_STRICT_PROTOTYPES = YES;
				CLANG_WARN_SUSPICIOUS_MOVE = YES;
				CLANG_WARN_UNGUARDED_AVAILABILITY = YES_AGGRESSIVE;
				CLANG_WARN_UNREACHABLE_CODE = YES;
				CLANG_WARN__DUPLICATE_METHOD_MATCH = YES;
				COPY_PHASE_STRIP = NO;
				DEBUG_INFORMATION_FORMAT = dwarf;
				ENABLE_STRICT_OBJC_MSGSEND = YES;
				ENABLE_TESTABILITY = YES;
				GCC_C_LANGUAGE_STANDARD = gnu11;
				GCC_DYNAMIC_NO_PIC = NO;
				GCC_NO_COMMON_BLOCKS = YES;
				GCC_OPTIMIZATION_LEVEL = 0;
				GCC_PREPROCESSOR_DEFINITIONS = (
					"DEBUG=1",
					"$(inherited)",
				);
				GCC_WARN_64_TO_32_BIT_CONVERSION = YES;
				GCC_WARN_ABOUT_RETURN_TYPE = YES_ERROR;
				GCC_WARN_UNDECLARED_SELECTOR = YES;
				GCC_WARN_UNINITIALIZED_AUTOS = YES_AGGRESSIVE;
				GCC_WARN_UNUSED_FUNCTION = YES;
				GCC_WARN_UNUSED_VARIABLE = YES;
				IPHONEOS_DEPLOYMENT_TARGET = 16.0;
				MTL_ENABLE_DEBUG_INFO = INCLUDE_SOURCE;
				MTL_FAST_MATH = YES;
				ONLY_ACTIVE_ARCH = YES;
				SDKROOT = iphoneos;
				SWIFT_ACTIVE_COMPILATION_CONDITIONS = DEBUG;
				SWIFT_OPTIMIZATION_LEVEL = "-Onone";
			};
			name = Debug;
		};
		A76A646E28E56E350079525E /* Release */ = {
			isa = XCBuildConfiguration;
			buildSettings = {
				ALWAYS_SEARCH_USER_PATHS = NO;
				CLANG_ANALYZER_NONNULL = YES;
				CLANG_ANALYZER_NUMBER_OBJECT_CONVERSION = YES_AGGRESSIVE;
				CLANG_CXX_LANGUAGE_STANDARD = "gnu++20";
				CLANG_ENABLE_MODULES = YES;
				CLANG_ENABLE_OBJC_ARC = YES;
				CLANG_ENABLE_OBJC_WEAK = YES;
				CLANG_WARN_BLOCK_CAPTURE_AUTORELEASING = YES;
				CLANG_WARN_BOOL_CONVERSION = YES;
				CLANG_WARN_COMMA = YES;
				CLANG_WARN_CONSTANT_CONVERSION = YES;
				CLANG_WARN_DEPRECATED_OBJC_IMPLEMENTATIONS = YES;
				CLANG_WARN_DIRECT_OBJC_ISA_USAGE = YES_ERROR;
				CLANG_WARN_DOCUMENTATION_COMMENTS = YES;
				CLANG_WARN_EMPTY_BODY = YES;
				CLANG_WARN_ENUM_CONVERSION = YES;
				CLANG_WARN_INFINITE_RECURSION = YES;
				CLANG_WARN_INT_CONVERSION = YES;
				CLANG_WARN_NON_LITERAL_NULL_CONVERSION = YES;
				CLANG_WARN_OBJC_IMPLICIT_RETAIN_SELF = YES;
				CLANG_WARN_OBJC_LITERAL_CONVERSION = YES;
				CLANG_WARN_OBJC_ROOT_CLASS = YES_ERROR;
				CLANG_WARN_QUOTED_INCLUDE_IN_FRAMEWORK_HEADER = YES;
				CLANG_WARN_RANGE_LOOP_ANALYSIS = YES;
				CLANG_WARN_STRICT_PROTOTYPES = YES;
				CLANG_WARN_SUSPICIOUS_MOVE = YES;
				CLANG_WARN_UNGUARDED_AVAILABILITY = YES_AGGRESSIVE;
				CLANG_WARN_UNREACHABLE_CODE = YES;
				CLANG_WARN__DUPLICATE_METHOD_MATCH = YES;
				COPY_PHASE_STRIP = NO;
				DEBUG_INFORMATION_FORMAT = "dwarf-with-dsym";
				ENABLE_NS_ASSERTIONS = NO;
				ENABLE_STRICT_OBJC_MSGSEND = YES;
				GCC_C_LANGUAGE_STANDARD = gnu11;
				GCC_NO_COMMON_BLOCKS = YES;
				GCC_WARN_64_TO_32_BIT_CONVERSION = YES;
				GCC_WARN_ABOUT_RETURN_TYPE = YES_ERROR;
				GCC_WARN_UNDECLARED_SELECTOR = YES;
				GCC_WARN_UNINITIALIZED_AUTOS = YES_AGGRESSIVE;
				GCC_WARN_UNUSED_FUNCTION = YES;
				GCC_WARN_UNUSED_VARIABLE = YES;
				IPHONEOS_DEPLOYMENT_TARGET = 16.0;
				MTL_ENABLE_DEBUG_INFO = NO;
				MTL_FAST_MATH = YES;
				SDKROOT = iphoneos;
				SWIFT_COMPILATION_MODE = wholemodule;
				SWIFT_OPTIMIZATION_LEVEL = "-O";
				VALIDATE_PRODUCT = YES;
			};
			name = Release;
		};
		A76A647028E56E350079525E /* Debug */ = {
			isa = XCBuildConfiguration;
			baseConfigurationReference = 3119D1A8671EB83F94BBFFB6 /* Pods-SignUpUsingTableView.debug.xcconfig */;
			buildSettings = {
				ASSETCATALOG_COMPILER_APPICON_NAME = AppIcon;
				ASSETCATALOG_COMPILER_GLOBAL_ACCENT_COLOR_NAME = AccentColor;
				CODE_SIGN_STYLE = Automatic;
				CURRENT_PROJECT_VERSION = 1;
				DEVELOPMENT_TEAM = 65ZYSCGCQ7;
				GENERATE_INFOPLIST_FILE = YES;
				INFOPLIST_FILE = SignUpUsingTableView/Info.plist;
				INFOPLIST_KEY_UIApplicationSupportsIndirectInputEvents = YES;
				INFOPLIST_KEY_UILaunchStoryboardName = LaunchScreen;
				INFOPLIST_KEY_UIMainStoryboardFile = Main;
				INFOPLIST_KEY_UISupportedInterfaceOrientations_iPad = "UIInterfaceOrientationPortrait UIInterfaceOrientationPortraitUpsideDown UIInterfaceOrientationLandscapeLeft UIInterfaceOrientationLandscapeRight";
				INFOPLIST_KEY_UISupportedInterfaceOrientations_iPhone = "UIInterfaceOrientationPortrait UIInterfaceOrientationLandscapeLeft UIInterfaceOrientationLandscapeRight";
				LD_RUNPATH_SEARCH_PATHS = (
					"$(inherited)",
					"@executable_path/Frameworks",
				);
				MARKETING_VERSION = 1.0;
				PRODUCT_BUNDLE_IDENTIFIER = "com.brain-station-23.SignUpUsingTableView";
				PRODUCT_NAME = "$(TARGET_NAME)";
				SWIFT_EMIT_LOC_STRINGS = YES;
				SWIFT_VERSION = 5.0;
				TARGETED_DEVICE_FAMILY = "1,2";
			};
			name = Debug;
		};
		A76A647128E56E350079525E /* Release */ = {
			isa = XCBuildConfiguration;
			baseConfigurationReference = 4F2597CFE06D6F1113954BE1 /* Pods-SignUpUsingTableView.release.xcconfig */;
			buildSettings = {
				ASSETCATALOG_COMPILER_APPICON_NAME = AppIcon;
				ASSETCATALOG_COMPILER_GLOBAL_ACCENT_COLOR_NAME = AccentColor;
				CODE_SIGN_STYLE = Automatic;
				CURRENT_PROJECT_VERSION = 1;
				DEVELOPMENT_TEAM = 65ZYSCGCQ7;
				GENERATE_INFOPLIST_FILE = YES;
				INFOPLIST_FILE = SignUpUsingTableView/Info.plist;
				INFOPLIST_KEY_UIApplicationSupportsIndirectInputEvents = YES;
				INFOPLIST_KEY_UILaunchStoryboardName = LaunchScreen;
				INFOPLIST_KEY_UIMainStoryboardFile = Main;
				INFOPLIST_KEY_UISupportedInterfaceOrientations_iPad = "UIInterfaceOrientationPortrait UIInterfaceOrientationPortraitUpsideDown UIInterfaceOrientationLandscapeLeft UIInterfaceOrientationLandscapeRight";
				INFOPLIST_KEY_UISupportedInterfaceOrientations_iPhone = "UIInterfaceOrientationPortrait UIInterfaceOrientationLandscapeLeft UIInterfaceOrientationLandscapeRight";
				LD_RUNPATH_SEARCH_PATHS = (
					"$(inherited)",
					"@executable_path/Frameworks",
				);
				MARKETING_VERSION = 1.0;
				PRODUCT_BUNDLE_IDENTIFIER = "com.brain-station-23.SignUpUsingTableView";
				PRODUCT_NAME = "$(TARGET_NAME)";
				SWIFT_EMIT_LOC_STRINGS = YES;
				SWIFT_VERSION = 5.0;
				TARGETED_DEVICE_FAMILY = "1,2";
			};
			name = Release;
		};
		A76A647328E56E350079525E /* Debug */ = {
			isa = XCBuildConfiguration;
			baseConfigurationReference = B90C71DB7B1B8C50FFD5929C /* Pods-SignUpUsingTableViewTests.debug.xcconfig */;
			buildSettings = {
				ALWAYS_EMBED_SWIFT_STANDARD_LIBRARIES = YES;
				BUNDLE_LOADER = "$(TEST_HOST)";
				CODE_SIGN_STYLE = Automatic;
				CURRENT_PROJECT_VERSION = 1;
				DEVELOPMENT_TEAM = 65ZYSCGCQ7;
				GENERATE_INFOPLIST_FILE = YES;
				IPHONEOS_DEPLOYMENT_TARGET = 16.0;
				MARKETING_VERSION = 1.0;
				PRODUCT_BUNDLE_IDENTIFIER = "com.brain-station-23.SignUpUsingTableViewTests";
				PRODUCT_NAME = "$(TARGET_NAME)";
				SWIFT_EMIT_LOC_STRINGS = NO;
				SWIFT_VERSION = 5.0;
				TARGETED_DEVICE_FAMILY = "1,2";
				TEST_HOST = "$(BUILT_PRODUCTS_DIR)/SignUpUsingTableView.app/$(BUNDLE_EXECUTABLE_FOLDER_PATH)/SignUpUsingTableView";
			};
			name = Debug;
		};
		A76A647428E56E350079525E /* Release */ = {
			isa = XCBuildConfiguration;
			baseConfigurationReference = FCB6C7C77FFAD44F9878D06E /* Pods-SignUpUsingTableViewTests.release.xcconfig */;
			buildSettings = {
				ALWAYS_EMBED_SWIFT_STANDARD_LIBRARIES = YES;
				BUNDLE_LOADER = "$(TEST_HOST)";
				CODE_SIGN_STYLE = Automatic;
				CURRENT_PROJECT_VERSION = 1;
				DEVELOPMENT_TEAM = 65ZYSCGCQ7;
				GENERATE_INFOPLIST_FILE = YES;
				IPHONEOS_DEPLOYMENT_TARGET = 16.0;
				MARKETING_VERSION = 1.0;
				PRODUCT_BUNDLE_IDENTIFIER = "com.brain-station-23.SignUpUsingTableViewTests";
				PRODUCT_NAME = "$(TARGET_NAME)";
				SWIFT_EMIT_LOC_STRINGS = NO;
				SWIFT_VERSION = 5.0;
				TARGETED_DEVICE_FAMILY = "1,2";
				TEST_HOST = "$(BUILT_PRODUCTS_DIR)/SignUpUsingTableView.app/$(BUNDLE_EXECUTABLE_FOLDER_PATH)/SignUpUsingTableView";
			};
			name = Release;
		};
		A76A647628E56E350079525E /* Debug */ = {
			isa = XCBuildConfiguration;
			baseConfigurationReference = D53A5C2B8D3B4479D702EF13 /* Pods-SignUpUsingTableView-SignUpUsingTableViewUITests.debug.xcconfig */;
			buildSettings = {
				ALWAYS_EMBED_SWIFT_STANDARD_LIBRARIES = YES;
				CODE_SIGN_STYLE = Automatic;
				CURRENT_PROJECT_VERSION = 1;
				DEVELOPMENT_TEAM = 65ZYSCGCQ7;
				GENERATE_INFOPLIST_FILE = YES;
				MARKETING_VERSION = 1.0;
				PRODUCT_BUNDLE_IDENTIFIER = "com.brain-station-23.SignUpUsingTableViewUITests";
				PRODUCT_NAME = "$(TARGET_NAME)";
				SWIFT_EMIT_LOC_STRINGS = NO;
				SWIFT_VERSION = 5.0;
				TARGETED_DEVICE_FAMILY = "1,2";
				TEST_TARGET_NAME = SignUpUsingTableView;
			};
			name = Debug;
		};
		A76A647728E56E350079525E /* Release */ = {
			isa = XCBuildConfiguration;
			baseConfigurationReference = 4F93A44381B0F6984926D315 /* Pods-SignUpUsingTableView-SignUpUsingTableViewUITests.release.xcconfig */;
			buildSettings = {
				ALWAYS_EMBED_SWIFT_STANDARD_LIBRARIES = YES;
				CODE_SIGN_STYLE = Automatic;
				CURRENT_PROJECT_VERSION = 1;
				DEVELOPMENT_TEAM = 65ZYSCGCQ7;
				GENERATE_INFOPLIST_FILE = YES;
				MARKETING_VERSION = 1.0;
				PRODUCT_BUNDLE_IDENTIFIER = "com.brain-station-23.SignUpUsingTableViewUITests";
				PRODUCT_NAME = "$(TARGET_NAME)";
				SWIFT_EMIT_LOC_STRINGS = NO;
				SWIFT_VERSION = 5.0;
				TARGETED_DEVICE_FAMILY = "1,2";
				TEST_TARGET_NAME = SignUpUsingTableView;
			};
			name = Release;
		};
/* End XCBuildConfiguration section */

/* Begin XCConfigurationList section */
		A76A644028E56E340079525E /* Build configuration list for PBXProject "SignUpUsingTableView" */ = {
			isa = XCConfigurationList;
			buildConfigurations = (
				A76A646D28E56E350079525E /* Debug */,
				A76A646E28E56E350079525E /* Release */,
			);
			defaultConfigurationIsVisible = 0;
			defaultConfigurationName = Release;
		};
		A76A646F28E56E350079525E /* Build configuration list for PBXNativeTarget "SignUpUsingTableView" */ = {
			isa = XCConfigurationList;
			buildConfigurations = (
				A76A647028E56E350079525E /* Debug */,
				A76A647128E56E350079525E /* Release */,
			);
			defaultConfigurationIsVisible = 0;
			defaultConfigurationName = Release;
		};
		A76A647228E56E350079525E /* Build configuration list for PBXNativeTarget "SignUpUsingTableViewTests" */ = {
			isa = XCConfigurationList;
			buildConfigurations = (
				A76A647328E56E350079525E /* Debug */,
				A76A647428E56E350079525E /* Release */,
			);
			defaultConfigurationIsVisible = 0;
			defaultConfigurationName = Release;
		};
		A76A647528E56E350079525E /* Build configuration list for PBXNativeTarget "SignUpUsingTableViewUITests" */ = {
			isa = XCConfigurationList;
			buildConfigurations = (
				A76A647628E56E350079525E /* Debug */,
				A76A647728E56E350079525E /* Release */,
			);
			defaultConfigurationIsVisible = 0;
			defaultConfigurationName = Release;
		};
/* End XCConfigurationList section */
	};
	rootObject = A76A643D28E56E340079525E /* Project object */;
}
